
Microsoft Visual Studio Solution File, Format Version 12.00
# Visual Studio Version 16
VisualStudioVersion = 16.0.31702.278
MinimumVisualStudioVersion = 10.0.40219.1
Project("{F184B08F-C81C-45F6-A57F-5ABD9991F28F}") = "guru", "guru\guru.vbproj", "{E9B6B9B3-13C3-4EE7-81F2-CE662119E448}"
EndProject
Global
	GlobalSection(SolutionConfigurationPlatforms) = preSolution
		Debug|Any CPU = Debug|Any CPU
		Release|Any CPU = Release|Any CPU
	EndGlobalSection
	GlobalSection(ProjectConfigurationPlatforms) = postSolution
		{E9B6B9B3-13C3-4EE7-81F2-CE662119E448}.Debug|Any CPU.ActiveCfg = Debug|Any CPU
		{E9B6B9B3-13C3-4EE7-81F2-CE662119E448}.Debug|Any CPU.Build.0 = Debug|Any CPU
		{E9B6B9B3-13C3-4EE7-81F2-CE662119E448}.Release|Any CPU.ActiveCfg = Release|Any CPU
		{E9B6B9B3-13C3-4EE7-81F2-CE662119E448}.Release|Any CPU.Build.0 = Release|Any CPU
	EndGlobalSection
	GlobalSection(SolutionProperties) = preSolution
		HideSolutionNode = FALSE
	EndGlobalSection
	GlobalSection(ExtensibilityGlobals) = postSolution
		SolutionGuid = {8009F30A-44D2-4C68-AAA2-28999E87F211}
	EndGlobalSection
EndGlobal
